
Microsoft Visual Studio Solution File, Format Version 12.00
# Visual Studio Version 17
VisualStudioVersion = 17.5.33530.505
MinimumVisualStudioVersion = 10.0.40219.1
Project("{FAE04EC0-301F-11D3-BF4B-00C04F79EFBC}") = "Activity1", "Activity1\Activity1.csproj", "{758C5CA9-6ACC-4401-97F6-4E3BFA2CA097}"
EndProject
Global
	GlobalSection(SolutionConfigurationPlatforms) = preSolution
		Debug|Any CPU = Debug|Any CPU
		Release|Any CPU = Release|Any CPU
	EndGlobalSection
	GlobalSection(ProjectConfigurationPlatforms) = postSolution
		{758C5CA9-6ACC-4401-97F6-4E3BFA2CA097}.Debug|Any CPU.ActiveCfg = Debug|Any CPU
		{758C5CA9-6ACC-4401-97F6-4E3BFA2CA097}.Debug|Any CPU.Build.0 = Debug|Any CPU
		{758C5CA9-6ACC-4401-97F6-4E3BFA2CA097}.Release|Any CPU.ActiveCfg = Release|Any CPU
		{758C5CA9-6ACC-4401-97F6-4E3BFA2CA097}.Release|Any CPU.Build.0 = Release|Any CPU
	EndGlobalSection
	GlobalSection(SolutionProperties) = preSolution
		HideSolutionNode = FALSE
	EndGlobalSection
	GlobalSection(ExtensibilityGlobals) = postSolution
		SolutionGuid = {EBFA3BA4-6F89-47B9-A5B1-F87F76FA20B6}
	EndGlobalSection
EndGlobal
